
Microsoft Visual Studio Solution File, Format Version 12.00
# Visual Studio Version 17
VisualStudioVersion = 17.0.31808.319
MinimumVisualStudioVersion = 10.0.40219.1
Project("{FAE04EC0-301F-11D3-BF4B-00C04F79EFBC}") = "Bypasser_Mhyprot2", "Bypasser_Mhyprot2.csproj", "{50930F0C-9682-4458-B92B-717AA7D1ADC4}"
EndProject
Global
	GlobalSection(SolutionConfigurationPlatforms) = preSolution
		Debug|Any CPU = Debug|Any CPU
		Release|Any CPU = Release|Any CPU
	EndGlobalSection
	GlobalSection(ProjectConfigurationPlatforms) = postSolution
		{50930F0C-9682-4458-B92B-717AA7D1ADC4}.Debug|Any CPU.ActiveCfg = Debug|Any CPU
		{50930F0C-9682-4458-B92B-717AA7D1ADC4}.Debug|Any CPU.Build.0 = Debug|Any CPU
		{50930F0C-9682-4458-B92B-717AA7D1ADC4}.Release|Any CPU.ActiveCfg = Release|Any CPU
		{50930F0C-9682-4458-B92B-717AA7D1ADC4}.Release|Any CPU.Build.0 = Release|Any CPU
	EndGlobalSection
	GlobalSection(SolutionProperties) = preSolution
		HideSolutionNode = FALSE
	EndGlobalSection
	GlobalSection(ExtensibilityGlobals) = postSolution
		SolutionGuid = {C64893F8-7EA6-4CDC-9ABE-E5F9E677ACE6}
	EndGlobalSection
EndGlobal
